
Microsoft Visual Studio Solution File, Format Version 12.00
# Visual Studio Version 17
VisualStudioVersion = 17.0.32112.339
MinimumVisualStudioVersion = 10.0.40219.1
Project("{FAE04EC0-301F-11D3-BF4B-00C04F79EFBC}") = "DataLayer", "DataLayer\DataLayer.csproj", "{B32DE046-E66C-42C8-BE34-E3EADFCEE59A}"
EndProject
Global
	GlobalSection(SolutionConfigurationPlatforms) = preSolution
		Debug|Any CPU = Debug|Any CPU
		Release|Any CPU = Release|Any CPU
	EndGlobalSection
	GlobalSection(ProjectConfigurationPlatforms) = postSolution
		{B32DE046-E66C-42C8-BE34-E3EADFCEE59A}.Debug|Any CPU.ActiveCfg = Debug|Any CPU
		{B32DE046-E66C-42C8-BE34-E3EADFCEE59A}.Debug|Any CPU.Build.0 = Debug|Any CPU
		{B32DE046-E66C-42C8-BE34-E3EADFCEE59A}.Release|Any CPU.ActiveCfg = Release|Any CPU
		{B32DE046-E66C-42C8-BE34-E3EADFCEE59A}.Release|Any CPU.Build.0 = Release|Any CPU
	EndGlobalSection
	GlobalSection(SolutionProperties) = preSolution
		HideSolutionNode = FALSE
	EndGlobalSection
	GlobalSection(ExtensibilityGlobals) = postSolution
		SolutionGuid = {5DE25EF1-F836-4F0A-B701-EBF4DDAE9BBD}
	EndGlobalSection
EndGlobal
